
Microsoft Visual Studio Solution File, Format Version 12.00
# Visual Studio Version 17
VisualStudioVersion = 17.4.33213.308
MinimumVisualStudioVersion = 10.0.40219.1
Project("{9A19103F-16F7-4668-BE54-9A1E7A4F7556}") = "DotNet.DocsTools", "..\DotNet.DocsTools\DotNet.DocsTools.csproj", "{DE1F2ECD-CE7A-47F3-B434-6FE4B99C92D8}"
EndProject
Project("{9A19103F-16F7-4668-BE54-9A1E7A4F7556}") = "GitHub.RepositoryExplorer.Client", "..\GitHub.RepositoryExplorer.Client\GitHub.RepositoryExplorer.Client.csproj", "{41FB333A-97D4-4C55-A330-3076D244CF6C}"
EndProject
Project("{9A19103F-16F7-4668-BE54-9A1E7A4F7556}") = "GitHub.RepositoryExplorer.Functions", "..\GitHub.RepositoryExplorer.Functions\GitHub.RepositoryExplorer.Functions.csproj", "{1A837B6C-2BEB-4F82-BEE7-AA4160A9A9DD}"
EndProject
Project("{9A19103F-16F7-4668-BE54-9A1E7A4F7556}") = "GitHub.RepositoryExplorer.Models", "..\GitHub.RepositoryExplorer.Models\GitHub.RepositoryExplorer.Models.csproj", "{6FFBD493-73F5-43A3-8DC2-1B59C04D2EAD}"
EndProject
Project("{9A19103F-16F7-4668-BE54-9A1E7A4F7556}") = "GitHub.RepositoryExplorer.Services", "..\GitHub.RepositoryExplorer.Services\GitHub.RepositoryExplorer.Services.csproj", "{F6E96664-AD7C-4550-86A8-DD0D9CC1FBAF}"
EndProject
Project("{9A19103F-16F7-4668-BE54-9A1E7A4F7556}") = "GitHub.RepositoryExplorer.WebApi", "..\GitHub.RepositoryExplorer.WebApi\GitHub.RepositoryExplorer.WebApi.csproj", "{BEBEA1AE-21FA-45B9-ACB5-EDEBB020FA48}"
EndProject
Global
	GlobalSection(SolutionConfigurationPlatforms) = preSolution
		Debug|Any CPU = Debug|Any CPU
		Release|Any CPU = Release|Any CPU
	EndGlobalSection
	GlobalSection(ProjectConfigurationPlatforms) = postSolution
		{DE1F2ECD-CE7A-47F3-B434-6FE4B99C92D8}.Debug|Any CPU.ActiveCfg = Debug|Any CPU
		{DE1F2ECD-CE7A-47F3-B434-6FE4B99C92D8}.Debug|Any CPU.Build.0 = Debug|Any CPU
		{DE1F2ECD-CE7A-47F3-B434-6FE4B99C92D8}.Release|Any CPU.ActiveCfg = Release|Any CPU
		{DE1F2ECD-CE7A-47F3-B434-6FE4B99C92D8}.Release|Any CPU.Build.0 = Release|Any CPU
		{41FB333A-97D4-4C55-A330-3076D244CF6C}.Debug|Any CPU.ActiveCfg = Debug|Any CPU
		{41FB333A-97D4-4C55-A330-3076D244CF6C}.Debug|Any CPU.Build.0 = Debug|Any CPU
		{41FB333A-97D4-4C55-A330-3076D244CF6C}.Release|Any CPU.ActiveCfg = Release|Any CPU
		{41FB333A-97D4-4C55-A330-3076D244CF6C}.Release|Any CPU.Build.0 = Release|Any CPU
		{1A837B6C-2BEB-4F82-BEE7-AA4160A9A9DD}.Debug|Any CPU.ActiveCfg = Debug|Any CPU
		{1A837B6C-2BEB-4F82-BEE7-AA4160A9A9DD}.Debug|Any CPU.Build.0 = Debug|Any CPU
		{1A837B6C-2BEB-4F82-BEE7-AA4160A9A9DD}.Release|Any CPU.ActiveCfg = Release|Any CPU
		{1A837B6C-2BEB-4F82-BEE7-AA4160A9A9DD}.Release|Any CPU.Build.0 = Release|Any CPU
		{6FFBD493-73F5-43A3-8DC2-1B59C04D2EAD}.Debug|Any CPU.ActiveCfg = Debug|Any CPU
		{6FFBD493-73F5-43A3-8DC2-1B59C04D2EAD}.Debug|Any CPU.Build.0 = Debug|Any CPU
		{6FFBD493-73F5-43A3-8DC2-1B59C04D2EAD}.Release|Any CPU.ActiveCfg = Release|Any CPU
		{6FFBD493-73F5-43A3-8DC2-1B59C04D2EAD}.Release|Any CPU.Build.0 = Release|Any CPU
		{F6E96664-AD7C-4550-86A8-DD0D9CC1FBAF}.Debug|Any CPU.ActiveCfg = Debug|Any CPU
		{F6E96664-AD7C-4550-86A8-DD0D9CC1FBAF}.Debug|Any CPU.Build.0 = Debug|Any CPU
		{F6E96664-AD7C-4550-86A8-DD0D9CC1FBAF}.Release|Any CPU.ActiveCfg = Release|Any CPU
		{F6E96664-AD7C-4550-86A8-DD0D9CC1FBAF}.Release|Any CPU.Build.0 = Release|Any CPU
		{BEBEA1AE-21FA-45B9-ACB5-EDEBB020FA48}.Debug|Any CPU.ActiveCfg = Debug|Any CPU
		{BEBEA1AE-21FA-45B9-ACB5-EDEBB020FA48}.Debug|Any CPU.Build.0 = Debug|Any CPU
		{BEBEA1AE-21FA-45B9-ACB5-EDEBB020FA48}.Release|Any CPU.ActiveCfg = Release|Any CPU
		{BEBEA1AE-21FA-45B9-ACB5-EDEBB020FA48}.Release|Any CPU.Build.0 = Release|Any CPU
	EndGlobalSection
	GlobalSection(SolutionProperties) = preSolution
		HideSolutionNode = FALSE
	EndGlobalSection
	GlobalSection(ExtensibilityGlobals) = postSolution
		SolutionGuid = {910615B7-88B7-4B47-8B12-93F2B9A0BB42}
	EndGlobalSection
EndGlobal
