Microsoft Visual Studio Solution File, Format Version 12.00
# Visual Studio Version 17
VisualStudioVersion = 17.4.33205.214
MinimumVisualStudioVersion = 10.0.40219.1
Project("{9A19103F-16F7-4668-BE54-9A1E7A4F7556}") = "CleanRepo", "cleanrepo\CleanRepo\CleanRepo.csproj", "{2BBD8090-3B66-4B57-807E-3A5BC41CC5A9}"
EndProject
Project("{9A19103F-16F7-4668-BE54-9A1E7A4F7556}") = "Quest2GitHub.Tests", "actions\sequester\Quest2GitHub.Tests\Quest2GitHub.Tests.csproj", "{2F1F09D6-8027-4B79-912A-124C94070D9E}"
EndProject
Project("{9A19103F-16F7-4668-BE54-9A1E7A4F7556}") = "Quest2GitHub", "actions\sequester\Quest2GitHub\Quest2GitHub.csproj", "{46F37B73-E9CF-46A8-ADA4-2B8D48481CD2}"
EndProject
Project("{9A19103F-16F7-4668-BE54-9A1E7A4F7556}") = "ImportIssues", "actions\sequester\ImportIssues\ImportIssues.csproj", "{5A3905AD-63DC-47CA-9C2B-5661E99C5BA6}"
EndProject
Project("{9A19103F-16F7-4668-BE54-9A1E7A4F7556}") = "dependabot-bot", "actions\dependabot-bot\src\dependabot-bot\dependabot-bot.csproj", "{34FAAAEC-CF7C-4CF2-9686-C473719A4990}"
EndProject
Project("{9A19103F-16F7-4668-BE54-9A1E7A4F7556}") = "ActionRunner", "actions\docs-verifier\src\ActionRunner\ActionRunner.csproj", "{C091AC00-E4E3-4EA8-84B1-D354B8F0F8C0}"
EndProject
Project("{9A19103F-16F7-4668-BE54-9A1E7A4F7556}") = "BuildVerifier.IO.Abstractions", "actions\docs-verifier\src\BuildVerifier.IO.Abstractions\BuildVerifier.IO.Abstractions.csproj", "{8779F09D-9D2A-495C-BEEF-B0E04D2388E1}"
EndProject
Project("{9A19103F-16F7-4668-BE54-9A1E7A4F7556}") = "GitHub", "actions\docs-verifier\src\GitHub\GitHub.csproj", "{BCDD57DA-6C08-49CA-8F03-D4FC4FF2ABCC}"
EndProject
Project("{9A19103F-16F7-4668-BE54-9A1E7A4F7556}") = "MarkdownLinksVerifier", "actions\docs-verifier\src\MarkdownLinksVerifier\MarkdownLinksVerifier.csproj", "{D9BB2E16-F28E-4BA7-98F9-4303891C3C34}"
EndProject
Project("{9A19103F-16F7-4668-BE54-9A1E7A4F7556}") = "RedirectionVerifier", "actions\docs-verifier\src\RedirectionVerifier\RedirectionVerifier.csproj", "{0A1CB94B-AD85-4115-A3A9-BE9195D4259A}"
EndProject
Project("{9A19103F-16F7-4668-BE54-9A1E7A4F7556}") = "GitHub.UnitTests", "actions\docs-verifier\tests\GitHub.UnitTests\GitHub.UnitTests.csproj", "{FDD4938E-F1C6-416B-A9CF-5D9EAA1CE6C7}"
EndProject
Project("{9A19103F-16F7-4668-BE54-9A1E7A4F7556}") = "MarkdownLinksVerifier.UnitTests", "actions\docs-verifier\tests\MarkdownLinksVerifier\MarkdownLinksVerifier.UnitTests.csproj", "{602603B4-6207-43DC-8FAF-272B6AAB6EAA}"
EndProject
Project("{9A19103F-16F7-4668-BE54-9A1E7A4F7556}") = "DotNet.DocsTools", "DotNet.DocsTools\DotNet.DocsTools.csproj", "{2FAA5126-248D-4B18-ADF0-5D7751028A90}"
EndProject
Project("{9A19103F-16F7-4668-BE54-9A1E7A4F7556}") = "IssueCloser", "IssueCloser\IssueCloser.csproj", "{5051D4FB-D8E5-4EAB-8C50-78E62CB8B8DA}"
EndProject
Project("{9A19103F-16F7-4668-BE54-9A1E7A4F7556}") = "RepoMan", "RepoMan\RepoMan.csproj", "{009B6BA3-57A5-4CED-8922-96E469A5D247}"
EndProject
Project("{9A19103F-16F7-4668-BE54-9A1E7A4F7556}") = "WhatsNew.Cli", "WhatsNew.Cli\WhatsNew.Cli.csproj", "{D8BFE1AD-8E06-4E7D-A401-C1A08BC7B3D3}"
EndProject
Project("{9A19103F-16F7-4668-BE54-9A1E7A4F7556}") = "WhatsNew.Infrastructure", "WhatsNew.Infrastructure\WhatsNew.Infrastructure.csproj", "{32475754-07EC-4D83-9094-90907BF715B4}"
EndProject
Project("{9A19103F-16F7-4668-BE54-9A1E7A4F7556}") = "WhatsNew.Infrastructure.Tests", "WhatsNew.Infrastructure.Tests\WhatsNew.Infrastructure.Tests.csproj", "{1FE286F4-8231-4658-BB6A-E63AF22DDBB4}"
EndProject
Project("{9A19103F-16F7-4668-BE54-9A1E7A4F7556}") = "GitHub.RepositoryExplorer.Client", "GitHub.RepositoryExplorer.Client\GitHub.RepositoryExplorer.Client.csproj", "{13527A21-56DC-4570-B08B-26015A1CB6B1}"
EndProject
Project("{9A19103F-16F7-4668-BE54-9A1E7A4F7556}") = "GitHub.RepositoryExplorer.Functions", "GitHub.RepositoryExplorer.Functions\GitHub.RepositoryExplorer.Functions.csproj", "{DE4D1404-DB61-4BB5-89F2-E8B9B1084D22}"
EndProject
Project("{9A19103F-16F7-4668-BE54-9A1E7A4F7556}") = "GitHub.RepositoryExplorer.Models", "GitHub.RepositoryExplorer.Models\GitHub.RepositoryExplorer.Models.csproj", "{2A660674-ADED-402E-8F6D-984BA4DB6DA8}"
EndProject
Project("{9A19103F-16F7-4668-BE54-9A1E7A4F7556}") = "GitHub.RepositoryExplorer.WebApi", "GitHub.RepositoryExplorer.WebApi\GitHub.RepositoryExplorer.WebApi.csproj", "{D518610F-EA3B-4A6E-BED9-7B335205A2F4}"
EndProject
Project("{9A19103F-16F7-4668-BE54-9A1E7A4F7556}") = "GitHub.RepositoryExplorer.Services", "GitHub.RepositoryExplorer.Services\GitHub.RepositoryExplorer.Services.csproj", "{BDE90AD5-6085-431C-B2E2-5A75F498BEA2}"
EndProject
Project("{9A19103F-16F7-4668-BE54-9A1E7A4F7556}") = "DotnetDocsTools.Tests", "DotnetDocsToolsTests\DotnetDocsTools.Tests.csproj", "{DCA6CCA3-423E-43A8-8D41-A54837E63F48}"
EndProject
Project("{2150E333-8FDC-42A3-9474-1A3956D46DE8}") = "Solution Items", "Solution Items", "{AB0D9824-FE64-4EC3-8F0B-950B68D135C4}"
	ProjectSection(SolutionItems) = preProject
		.gitattributes = .gitattributes
		.gitignore = .gitignore
		.github\workflows\build-docs-verifier.yml = .github\workflows\build-docs-verifier.yml
		CODE-OF-CONDUCT.md = CODE-OF-CONDUCT.md
		.github\workflows\codeql-analysis.yml = .github\workflows\codeql-analysis.yml
		.github\workflows\dogfood.yml = .github\workflows\dogfood.yml
		.github\workflows\dotnet-build-validation.yml = .github\workflows\dotnet-build-validation.yml
		LICENSE = LICENSE
		LICENSE-CODE = LICENSE-CODE
		.github\workflows\node-build-validation.yml = .github\workflows\node-build-validation.yml
		.github\workflows\quest-bulk.yml = .github\workflows\quest-bulk.yml
		quest-config.json = quest-config.json
		.github\workflows\quest.yml = .github\workflows\quest.yml
		README.md = README.md
		sequester.Dockerfile = sequester.Dockerfile
		ThirdPartyNotices.md = ThirdPartyNotices.md
		whatsnew.Dockerfile = whatsnew.Dockerfile
	EndProjectSection
EndProject
Project("{9A19103F-16F7-4668-BE54-9A1E7A4F7556}") = "Snippets5000", "snippets5000\Snippets5000\Snippets5000.csproj", "{713E0DB5-FF4C-415A-A3CC-42FCDC5BB307}"
EndProject
Project("{9A19103F-16F7-4668-BE54-9A1E7A4F7556}") = "XmlDocConflictResolver", "XmlDocConflictResolver\XmlDocConflictResolver.csproj", "{4F9B7B45-50B4-45F0-AE6A-960907D12C49}"
EndProject
Project("{9A19103F-16F7-4668-BE54-9A1E7A4F7556}") = "RepoManCheckerCLI", "RepoManChecker\RepoManCheckerCLI.csproj", "{1C59182B-9266-43FB-8398-86AE0F5012D6}"
EndProject
Project("{FAE04EC0-301F-11D3-BF4B-00C04F79EFBC}") = "Sandbox", "Sandbox\Sandbox.csproj", "{C93AB0B6-1B1A-4172-909B-81249CDAFC6D}"
EndProject
Global
	GlobalSection(SolutionConfigurationPlatforms) = preSolution
		Debug|Any CPU = Debug|Any CPU
		Release|Any CPU = Release|Any CPU
	EndGlobalSection
	GlobalSection(ProjectConfigurationPlatforms) = postSolution
		{2BBD8090-3B66-4B57-807E-3A5BC41CC5A9}.Debug|Any CPU.ActiveCfg = Debug|Any CPU
		{2BBD8090-3B66-4B57-807E-3A5BC41CC5A9}.Debug|Any CPU.Build.0 = Debug|Any CPU
		{2BBD8090-3B66-4B57-807E-3A5BC41CC5A9}.Release|Any CPU.ActiveCfg = Release|Any CPU
		{2BBD8090-3B66-4B57-807E-3A5BC41CC5A9}.Release|Any CPU.Build.0 = Release|Any CPU
		{2F1F09D6-8027-4B79-912A-124C94070D9E}.Debug|Any CPU.ActiveCfg = Debug|Any CPU
		{2F1F09D6-8027-4B79-912A-124C94070D9E}.Debug|Any CPU.Build.0 = Debug|Any CPU
		{2F1F09D6-8027-4B79-912A-124C94070D9E}.Release|Any CPU.ActiveCfg = Release|Any CPU
		{2F1F09D6-8027-4B79-912A-124C94070D9E}.Release|Any CPU.Build.0 = Release|Any CPU
		{46F37B73-E9CF-46A8-ADA4-2B8D48481CD2}.Debug|Any CPU.ActiveCfg = Debug|Any CPU
		{46F37B73-E9CF-46A8-ADA4-2B8D48481CD2}.Debug|Any CPU.Build.0 = Debug|Any CPU
		{46F37B73-E9CF-46A8-ADA4-2B8D48481CD2}.Release|Any CPU.ActiveCfg = Release|Any CPU
		{46F37B73-E9CF-46A8-ADA4-2B8D48481CD2}.Release|Any CPU.Build.0 = Release|Any CPU
		{5A3905AD-63DC-47CA-9C2B-5661E99C5BA6}.Debug|Any CPU.ActiveCfg = Debug|Any CPU
		{5A3905AD-63DC-47CA-9C2B-5661E99C5BA6}.Debug|Any CPU.Build.0 = Debug|Any CPU
		{5A3905AD-63DC-47CA-9C2B-5661E99C5BA6}.Release|Any CPU.ActiveCfg = Release|Any CPU
		{5A3905AD-63DC-47CA-9C2B-5661E99C5BA6}.Release|Any CPU.Build.0 = Release|Any CPU
		{34FAAAEC-CF7C-4CF2-9686-C473719A4990}.Debug|Any CPU.ActiveCfg = Debug|Any CPU
		{34FAAAEC-CF7C-4CF2-9686-C473719A4990}.Debug|Any CPU.Build.0 = Debug|Any CPU
		{34FAAAEC-CF7C-4CF2-9686-C473719A4990}.Release|Any CPU.ActiveCfg = Release|Any CPU
		{34FAAAEC-CF7C-4CF2-9686-C473719A4990}.Release|Any CPU.Build.0 = Release|Any CPU
		{C091AC00-E4E3-4EA8-84B1-D354B8F0F8C0}.Debug|Any CPU.ActiveCfg = Debug|Any CPU
		{C091AC00-E4E3-4EA8-84B1-D354B8F0F8C0}.Debug|Any CPU.Build.0 = Debug|Any CPU
		{C091AC00-E4E3-4EA8-84B1-D354B8F0F8C0}.Release|Any CPU.ActiveCfg = Release|Any CPU
		{C091AC00-E4E3-4EA8-84B1-D354B8F0F8C0}.Release|Any CPU.Build.0 = Release|Any CPU
		{8779F09D-9D2A-495C-BEEF-B0E04D2388E1}.Debug|Any CPU.ActiveCfg = Debug|Any CPU
		{8779F09D-9D2A-495C-BEEF-B0E04D2388E1}.Debug|Any CPU.Build.0 = Debug|Any CPU
		{8779F09D-9D2A-495C-BEEF-B0E04D2388E1}.Release|Any CPU.ActiveCfg = Release|Any CPU
		{8779F09D-9D2A-495C-BEEF-B0E04D2388E1}.Release|Any CPU.Build.0 = Release|Any CPU
		{BCDD57DA-6C08-49CA-8F03-D4FC4FF2ABCC}.Debug|Any CPU.ActiveCfg = Debug|Any CPU
		{BCDD57DA-6C08-49CA-8F03-D4FC4FF2ABCC}.Debug|Any CPU.Build.0 = Debug|Any CPU
		{BCDD57DA-6C08-49CA-8F03-D4FC4FF2ABCC}.Release|Any CPU.ActiveCfg = Release|Any CPU
		{BCDD57DA-6C08-49CA-8F03-D4FC4FF2ABCC}.Release|Any CPU.Build.0 = Release|Any CPU
		{C93AB0B6-1B1A-4172-909B-81249CDAFC6D}.Debug|Any CPU.ActiveCfg = Debug|Any CPU
		{C93AB0B6-1B1A-4172-909B-81249CDAFC6D}.Debug|Any CPU.Build.0 = Debug|Any CPU
		{C93AB0B6-1B1A-4172-909B-81249CDAFC6D}.Release|Any CPU.ActiveCfg = Release|Any CPU
		{C93AB0B6-1B1A-4172-909B-81249CDAFC6D}.Release|Any CPU.Build.0 = Release|Any CPU
		{D9BB2E16-F28E-4BA7-98F9-4303891C3C34}.Debug|Any CPU.ActiveCfg = Debug|Any CPU
		{D9BB2E16-F28E-4BA7-98F9-4303891C3C34}.Debug|Any CPU.Build.0 = Debug|Any CPU
		{D9BB2E16-F28E-4BA7-98F9-4303891C3C34}.Release|Any CPU.ActiveCfg = Release|Any CPU
		{D9BB2E16-F28E-4BA7-98F9-4303891C3C34}.Release|Any CPU.Build.0 = Release|Any CPU
		{0A1CB94B-AD85-4115-A3A9-BE9195D4259A}.Debug|Any CPU.ActiveCfg = Debug|Any CPU
		{0A1CB94B-AD85-4115-A3A9-BE9195D4259A}.Debug|Any CPU.Build.0 = Debug|Any CPU
		{0A1CB94B-AD85-4115-A3A9-BE9195D4259A}.Release|Any CPU.ActiveCfg = Release|Any CPU
		{0A1CB94B-AD85-4115-A3A9-BE9195D4259A}.Release|Any CPU.Build.0 = Release|Any CPU
		{FDD4938E-F1C6-416B-A9CF-5D9EAA1CE6C7}.Debug|Any CPU.ActiveCfg = Debug|Any CPU
		{FDD4938E-F1C6-416B-A9CF-5D9EAA1CE6C7}.Debug|Any CPU.Build.0 = Debug|Any CPU
		{FDD4938E-F1C6-416B-A9CF-5D9EAA1CE6C7}.Release|Any CPU.ActiveCfg = Release|Any CPU
		{FDD4938E-F1C6-416B-A9CF-5D9EAA1CE6C7}.Release|Any CPU.Build.0 = Release|Any CPU
		{602603B4-6207-43DC-8FAF-272B6AAB6EAA}.Debug|Any CPU.ActiveCfg = Debug|Any CPU
		{602603B4-6207-43DC-8FAF-272B6AAB6EAA}.Debug|Any CPU.Build.0 = Debug|Any CPU
		{602603B4-6207-43DC-8FAF-272B6AAB6EAA}.Release|Any CPU.ActiveCfg = Release|Any CPU
		{602603B4-6207-43DC-8FAF-272B6AAB6EAA}.Release|Any CPU.Build.0 = Release|Any CPU
		{2FAA5126-248D-4B18-ADF0-5D7751028A90}.Debug|Any CPU.ActiveCfg = Debug|Any CPU
		{2FAA5126-248D-4B18-ADF0-5D7751028A90}.Debug|Any CPU.Build.0 = Debug|Any CPU
		{2FAA5126-248D-4B18-ADF0-5D7751028A90}.Release|Any CPU.ActiveCfg = Release|Any CPU
		{2FAA5126-248D-4B18-ADF0-5D7751028A90}.Release|Any CPU.Build.0 = Release|Any CPU
		{5051D4FB-D8E5-4EAB-8C50-78E62CB8B8DA}.Debug|Any CPU.ActiveCfg = Debug|Any CPU
		{5051D4FB-D8E5-4EAB-8C50-78E62CB8B8DA}.Debug|Any CPU.Build.0 = Debug|Any CPU
		{5051D4FB-D8E5-4EAB-8C50-78E62CB8B8DA}.Release|Any CPU.ActiveCfg = Release|Any CPU
		{5051D4FB-D8E5-4EAB-8C50-78E62CB8B8DA}.Release|Any CPU.Build.0 = Release|Any CPU
		{009B6BA3-57A5-4CED-8922-96E469A5D247}.Debug|Any CPU.ActiveCfg = Debug|Any CPU
		{009B6BA3-57A5-4CED-8922-96E469A5D247}.Debug|Any CPU.Build.0 = Debug|Any CPU
		{009B6BA3-57A5-4CED-8922-96E469A5D247}.Release|Any CPU.ActiveCfg = Release|Any CPU
		{009B6BA3-57A5-4CED-8922-96E469A5D247}.Release|Any CPU.Build.0 = Release|Any CPU
		{D8BFE1AD-8E06-4E7D-A401-C1A08BC7B3D3}.Debug|Any CPU.ActiveCfg = Debug|Any CPU
		{D8BFE1AD-8E06-4E7D-A401-C1A08BC7B3D3}.Debug|Any CPU.Build.0 = Debug|Any CPU
		{D8BFE1AD-8E06-4E7D-A401-C1A08BC7B3D3}.Release|Any CPU.ActiveCfg = Release|Any CPU
		{D8BFE1AD-8E06-4E7D-A401-C1A08BC7B3D3}.Release|Any CPU.Build.0 = Release|Any CPU
		{32475754-07EC-4D83-9094-90907BF715B4}.Debug|Any CPU.ActiveCfg = Debug|Any CPU
		{32475754-07EC-4D83-9094-90907BF715B4}.Debug|Any CPU.Build.0 = Debug|Any CPU
		{32475754-07EC-4D83-9094-90907BF715B4}.Release|Any CPU.ActiveCfg = Release|Any CPU
		{32475754-07EC-4D83-9094-90907BF715B4}.Release|Any CPU.Build.0 = Release|Any CPU
		{1FE286F4-8231-4658-BB6A-E63AF22DDBB4}.Debug|Any CPU.ActiveCfg = Debug|Any CPU
		{1FE286F4-8231-4658-BB6A-E63AF22DDBB4}.Debug|Any CPU.Build.0 = Debug|Any CPU
		{1FE286F4-8231-4658-BB6A-E63AF22DDBB4}.Release|Any CPU.ActiveCfg = Release|Any CPU
		{1FE286F4-8231-4658-BB6A-E63AF22DDBB4}.Release|Any CPU.Build.0 = Release|Any CPU
		{13527A21-56DC-4570-B08B-26015A1CB6B1}.Debug|Any CPU.ActiveCfg = Debug|Any CPU
		{13527A21-56DC-4570-B08B-26015A1CB6B1}.Debug|Any CPU.Build.0 = Debug|Any CPU
		{13527A21-56DC-4570-B08B-26015A1CB6B1}.Release|Any CPU.ActiveCfg = Release|Any CPU
		{13527A21-56DC-4570-B08B-26015A1CB6B1}.Release|Any CPU.Build.0 = Release|Any CPU
		{DE4D1404-DB61-4BB5-89F2-E8B9B1084D22}.Debug|Any CPU.ActiveCfg = Debug|Any CPU
		{DE4D1404-DB61-4BB5-89F2-E8B9B1084D22}.Debug|Any CPU.Build.0 = Debug|Any CPU
		{DE4D1404-DB61-4BB5-89F2-E8B9B1084D22}.Release|Any CPU.ActiveCfg = Release|Any CPU
		{DE4D1404-DB61-4BB5-89F2-E8B9B1084D22}.Release|Any CPU.Build.0 = Release|Any CPU
		{2A660674-ADED-402E-8F6D-984BA4DB6DA8}.Debug|Any CPU.ActiveCfg = Debug|Any CPU
		{2A660674-ADED-402E-8F6D-984BA4DB6DA8}.Debug|Any CPU.Build.0 = Debug|Any CPU
		{2A660674-ADED-402E-8F6D-984BA4DB6DA8}.Release|Any CPU.ActiveCfg = Release|Any CPU
		{2A660674-ADED-402E-8F6D-984BA4DB6DA8}.Release|Any CPU.Build.0 = Release|Any CPU
		{D518610F-EA3B-4A6E-BED9-7B335205A2F4}.Debug|Any CPU.ActiveCfg = Debug|Any CPU
		{D518610F-EA3B-4A6E-BED9-7B335205A2F4}.Debug|Any CPU.Build.0 = Debug|Any CPU
		{D518610F-EA3B-4A6E-BED9-7B335205A2F4}.Release|Any CPU.ActiveCfg = Release|Any CPU
		{D518610F-EA3B-4A6E-BED9-7B335205A2F4}.Release|Any CPU.Build.0 = Release|Any CPU
		{BDE90AD5-6085-431C-B2E2-5A75F498BEA2}.Debug|Any CPU.ActiveCfg = Debug|Any CPU
		{BDE90AD5-6085-431C-B2E2-5A75F498BEA2}.Debug|Any CPU.Build.0 = Debug|Any CPU
		{BDE90AD5-6085-431C-B2E2-5A75F498BEA2}.Release|Any CPU.ActiveCfg = Release|Any CPU
		{BDE90AD5-6085-431C-B2E2-5A75F498BEA2}.Release|Any CPU.Build.0 = Release|Any CPU
		{DCA6CCA3-423E-43A8-8D41-A54837E63F48}.Debug|Any CPU.ActiveCfg = Debug|Any CPU
		{DCA6CCA3-423E-43A8-8D41-A54837E63F48}.Debug|Any CPU.Build.0 = Debug|Any CPU
		{DCA6CCA3-423E-43A8-8D41-A54837E63F48}.Release|Any CPU.ActiveCfg = Release|Any CPU
		{DCA6CCA3-423E-43A8-8D41-A54837E63F48}.Release|Any CPU.Build.0 = Release|Any CPU
		{713E0DB5-FF4C-415A-A3CC-42FCDC5BB307}.Debug|Any CPU.ActiveCfg = Debug|Any CPU
		{713E0DB5-FF4C-415A-A3CC-42FCDC5BB307}.Debug|Any CPU.Build.0 = Debug|Any CPU
		{713E0DB5-FF4C-415A-A3CC-42FCDC5BB307}.Release|Any CPU.ActiveCfg = Release|Any CPU
		{713E0DB5-FF4C-415A-A3CC-42FCDC5BB307}.Release|Any CPU.Build.0 = Release|Any CPU
		{4F9B7B45-50B4-45F0-AE6A-960907D12C49}.Debug|Any CPU.ActiveCfg = Debug|Any CPU
		{4F9B7B45-50B4-45F0-AE6A-960907D12C49}.Debug|Any CPU.Build.0 = Debug|Any CPU
		{4F9B7B45-50B4-45F0-AE6A-960907D12C49}.Release|Any CPU.ActiveCfg = Release|Any CPU
		{4F9B7B45-50B4-45F0-AE6A-960907D12C49}.Release|Any CPU.Build.0 = Release|Any CPU
		{1C59182B-9266-43FB-8398-86AE0F5012D6}.Debug|Any CPU.ActiveCfg = Debug|Any CPU
		{1C59182B-9266-43FB-8398-86AE0F5012D6}.Debug|Any CPU.Build.0 = Debug|Any CPU
		{1C59182B-9266-43FB-8398-86AE0F5012D6}.Release|Any CPU.ActiveCfg = Release|Any CPU
		{1C59182B-9266-43FB-8398-86AE0F5012D6}.Release|Any CPU.Build.0 = Release|Any CPU
	EndGlobalSection
	GlobalSection(SolutionProperties) = preSolution
		HideSolutionNode = FALSE
	EndGlobalSection
	GlobalSection(ExtensibilityGlobals) = postSolution
		SolutionGuid = {59D04AEF-4796-4C07-AE2E-10E4318D6AAE}
	EndGlobalSection
EndGlobal
