Microsoft Visual Studio Solution File, Format Version 12.00
# Visual Studio Version 17
VisualStudioVersion = 17.5.2.0
MinimumVisualStudioVersion = 10.0.40219.1
Project("{FAE04EC0-301F-11D3-BF4B-00C04F79EFBC}") = "PackageIndexer", "PackageIndexer.csproj", "{5BC87BC7-B59D-F6A7-2BC4-48EDEFA96F58}"
EndProject
Global
	GlobalSection(SolutionConfigurationPlatforms) = preSolution
		Debug|Any CPU = Debug|Any CPU
		Release|Any CPU = Release|Any CPU
	EndGlobalSection
	GlobalSection(ProjectConfigurationPlatforms) = postSolution
		{5BC87BC7-B59D-F6A7-2BC4-48EDEFA96F58}.Debug|Any CPU.ActiveCfg = Debug|Any CPU
		{5BC87BC7-B59D-F6A7-2BC4-48EDEFA96F58}.Debug|Any CPU.Build.0 = Debug|Any CPU
		{5BC87BC7-B59D-F6A7-2BC4-48EDEFA96F58}.Release|Any CPU.ActiveCfg = Release|Any CPU
		{5BC87BC7-B59D-F6A7-2BC4-48EDEFA96F58}.Release|Any CPU.Build.0 = Release|Any CPU
	EndGlobalSection
	GlobalSection(SolutionProperties) = preSolution
		HideSolutionNode = FALSE
	EndGlobalSection
	GlobalSection(ExtensibilityGlobals) = postSolution
		SolutionGuid = {62B37454-8BD0-46BE-9386-0A96CAE43AEC}
	EndGlobalSection
EndGlobal
