
Microsoft Visual Studio Solution File, Format Version 12.00
# Visual Studio Version 17
VisualStudioVersion = 17.4.33213.308
MinimumVisualStudioVersion = 10.0.40219.1
Project("{9A19103F-16F7-4668-BE54-9A1E7A4F7556}") = "RepoMan", "RepoMan.csproj", "{28964A8C-4570-44FF-A320-18EAE7BF7DBD}"
EndProject
Project("{9A19103F-16F7-4668-BE54-9A1E7A4F7556}") = "RepoManConfigTest", "..\RepoManConfigTest\RepoManConfigTest.csproj", "{6E47083E-E62A-40F8-8833-42CC8F273D1F}"
EndProject
Project("{9A19103F-16F7-4668-BE54-9A1E7A4F7556}") = "DotNet.DocsTools", "..\DotNet.DocsTools\DotNet.DocsTools.csproj", "{2ADA2CD5-9776-44FE-892F-A4235A62BF31}"
EndProject
Global
	GlobalSection(SolutionConfigurationPlatforms) = preSolution
		Debug|Any CPU = Debug|Any CPU
		Release|Any CPU = Release|Any CPU
	EndGlobalSection
	GlobalSection(ProjectConfigurationPlatforms) = postSolution
		{28964A8C-4570-44FF-A320-18EAE7BF7DBD}.Debug|Any CPU.ActiveCfg = Debug|Any CPU
		{28964A8C-4570-44FF-A320-18EAE7BF7DBD}.Debug|Any CPU.Build.0 = Debug|Any CPU
		{28964A8C-4570-44FF-A320-18EAE7BF7DBD}.Release|Any CPU.ActiveCfg = Release|Any CPU
		{28964A8C-4570-44FF-A320-18EAE7BF7DBD}.Release|Any CPU.Build.0 = Release|Any CPU
		{6E47083E-E62A-40F8-8833-42CC8F273D1F}.Debug|Any CPU.ActiveCfg = Debug|Any CPU
		{6E47083E-E62A-40F8-8833-42CC8F273D1F}.Debug|Any CPU.Build.0 = Debug|Any CPU
		{6E47083E-E62A-40F8-8833-42CC8F273D1F}.Release|Any CPU.ActiveCfg = Release|Any CPU
		{6E47083E-E62A-40F8-8833-42CC8F273D1F}.Release|Any CPU.Build.0 = Release|Any CPU
		{2ADA2CD5-9776-44FE-892F-A4235A62BF31}.Debug|Any CPU.ActiveCfg = Debug|Any CPU
		{2ADA2CD5-9776-44FE-892F-A4235A62BF31}.Debug|Any CPU.Build.0 = Debug|Any CPU
		{2ADA2CD5-9776-44FE-892F-A4235A62BF31}.Release|Any CPU.ActiveCfg = Release|Any CPU
		{2ADA2CD5-9776-44FE-892F-A4235A62BF31}.Release|Any CPU.Build.0 = Release|Any CPU
	EndGlobalSection
	GlobalSection(SolutionProperties) = preSolution
		HideSolutionNode = FALSE
	EndGlobalSection
	GlobalSection(ExtensibilityGlobals) = postSolution
		SolutionGuid = {77B596D3-F38F-41C9-A1B1-F4503E7F349B}
	EndGlobalSection
EndGlobal
