
Microsoft Visual Studio Solution File, Format Version 12.00
# Visual Studio Version 17
VisualStudioVersion = 17.4.32804.182
MinimumVisualStudioVersion = 10.0.40219.1
Project("{9A19103F-16F7-4668-BE54-9A1E7A4F7556}") = "dependabotdotnet", "src\dependabotdotnet\dependabotdotnet.csproj", "{094F720D-3289-4199-AD90-4B77E2F60767}"
EndProject
Project("{2150E333-8FDC-42A3-9474-1A3956D46DE8}") = "Solution Items", "Solution Items", "{A7D98CA1-7298-4C7D-A41E-E48E236051A8}"
	ProjectSection(SolutionItems) = preProject
		packages-ignore.json = packages-ignore.json
		README.md = README.md
	EndProjectSection
EndProject
Global
	GlobalSection(SolutionConfigurationPlatforms) = preSolution
		Debug|Any CPU = Debug|Any CPU
		Release|Any CPU = Release|Any CPU
	EndGlobalSection
	GlobalSection(ProjectConfigurationPlatforms) = postSolution
		{094F720D-3289-4199-AD90-4B77E2F60767}.Debug|Any CPU.ActiveCfg = Debug|Any CPU
		{094F720D-3289-4199-AD90-4B77E2F60767}.Debug|Any CPU.Build.0 = Debug|Any CPU
		{094F720D-3289-4199-AD90-4B77E2F60767}.Release|Any CPU.ActiveCfg = Release|Any CPU
		{094F720D-3289-4199-AD90-4B77E2F60767}.Release|Any CPU.Build.0 = Release|Any CPU
	EndGlobalSection
	GlobalSection(SolutionProperties) = preSolution
		HideSolutionNode = FALSE
	EndGlobalSection
	GlobalSection(ExtensibilityGlobals) = postSolution
		SolutionGuid = {8A19E688-9EDD-4BF5-A2FE-21FE3D4E1341}
	EndGlobalSection
EndGlobal
