
Microsoft Visual Studio Solution File, Format Version 12.00
# Visual Studio Version 17
VisualStudioVersion = 17.4.33205.214
MinimumVisualStudioVersion = 10.0.40219.1
Project("{9A19103F-16F7-4668-BE54-9A1E7A4F7556}") = "LocateProjects", "LocateProjects.csproj", "{4C509DE8-2A11-46E5-B134-2661E90CC76F}"
EndProject
Project("{9A19103F-16F7-4668-BE54-9A1E7A4F7556}") = "DotNet.DocsTools", "..\..\DotNet.DocsTools\DotNet.DocsTools.csproj", "{6CFDC52E-8352-4AE1-9D55-6C02847CE309}"
EndProject
Global
	GlobalSection(SolutionConfigurationPlatforms) = preSolution
		Debug|Any CPU = Debug|Any CPU
		Release|Any CPU = Release|Any CPU
	EndGlobalSection
	GlobalSection(ProjectConfigurationPlatforms) = postSolution
		{4C509DE8-2A11-46E5-B134-2661E90CC76F}.Debug|Any CPU.ActiveCfg = Debug|Any CPU
		{4C509DE8-2A11-46E5-B134-2661E90CC76F}.Debug|Any CPU.Build.0 = Debug|Any CPU
		{4C509DE8-2A11-46E5-B134-2661E90CC76F}.Release|Any CPU.ActiveCfg = Release|Any CPU
		{4C509DE8-2A11-46E5-B134-2661E90CC76F}.Release|Any CPU.Build.0 = Release|Any CPU
		{6CFDC52E-8352-4AE1-9D55-6C02847CE309}.Debug|Any CPU.ActiveCfg = Debug|Any CPU
		{6CFDC52E-8352-4AE1-9D55-6C02847CE309}.Debug|Any CPU.Build.0 = Debug|Any CPU
		{6CFDC52E-8352-4AE1-9D55-6C02847CE309}.Release|Any CPU.ActiveCfg = Release|Any CPU
		{6CFDC52E-8352-4AE1-9D55-6C02847CE309}.Release|Any CPU.Build.0 = Release|Any CPU
	EndGlobalSection
	GlobalSection(SolutionProperties) = preSolution
		HideSolutionNode = FALSE
	EndGlobalSection
	GlobalSection(ExtensibilityGlobals) = postSolution
		SolutionGuid = {C1116178-8308-422B-9994-41D6103FC28E}
	EndGlobalSection
EndGlobal
