
Microsoft Visual Studio Solution File, Format Version 12.00
# Visual Studio Version 17
VisualStudioVersion = 17.4.33205.214
MinimumVisualStudioVersion = 10.0.40219.1
Project("{9A19103F-16F7-4668-BE54-9A1E7A4F7556}") = "IssueCloser", "..\IssueCloser.csproj", "{EE7EA6C9-6A19-4D8B-A707-B075D1011CE9}"
EndProject
Project("{9A19103F-16F7-4668-BE54-9A1E7A4F7556}") = "DotNet.DocsTools", "..\..\DotNet.DocsTools\DotNet.DocsTools.csproj", "{678FAA57-3110-44E4-B839-CF407D226166}"
EndProject
Global
	GlobalSection(SolutionConfigurationPlatforms) = preSolution
		Debug|Any CPU = Debug|Any CPU
		Release|Any CPU = Release|Any CPU
	EndGlobalSection
	GlobalSection(ProjectConfigurationPlatforms) = postSolution
		{EE7EA6C9-6A19-4D8B-A707-B075D1011CE9}.Debug|Any CPU.ActiveCfg = Debug|Any CPU
		{EE7EA6C9-6A19-4D8B-A707-B075D1011CE9}.Debug|Any CPU.Build.0 = Debug|Any CPU
		{EE7EA6C9-6A19-4D8B-A707-B075D1011CE9}.Release|Any CPU.ActiveCfg = Release|Any CPU
		{EE7EA6C9-6A19-4D8B-A707-B075D1011CE9}.Release|Any CPU.Build.0 = Release|Any CPU
		{678FAA57-3110-44E4-B839-CF407D226166}.Debug|Any CPU.ActiveCfg = Debug|Any CPU
		{678FAA57-3110-44E4-B839-CF407D226166}.Debug|Any CPU.Build.0 = Debug|Any CPU
		{678FAA57-3110-44E4-B839-CF407D226166}.Release|Any CPU.ActiveCfg = Release|Any CPU
		{678FAA57-3110-44E4-B839-CF407D226166}.Release|Any CPU.Build.0 = Release|Any CPU
	EndGlobalSection
	GlobalSection(SolutionProperties) = preSolution
		HideSolutionNode = FALSE
	EndGlobalSection
	GlobalSection(ExtensibilityGlobals) = postSolution
		SolutionGuid = {E0793BBA-D758-4198-AB27-C8125EED07AE}
	EndGlobalSection
EndGlobal
